
Microsoft Visual Studio Solution File, Format Version 12.00
# Visual Studio Version 16
VisualStudioVersion = 16.0.30128.74
MinimumVisualStudioVersion = 10.0.40219.1
Project("{FAE04EC0-301F-11D3-BF4B-00C04F79EFBC}") = "Swizilla", "Swizilla.csproj", "{056EEE65-E775-43AD-A789-BF4B45244BA4}"
EndProject
Global
	GlobalSection(SolutionConfigurationPlatforms) = preSolution
		Debug|Any CPU = Debug|Any CPU
		Release|Any CPU = Release|Any CPU
	EndGlobalSection
	GlobalSection(ProjectConfigurationPlatforms) = postSolution
		{056EEE65-E775-43AD-A789-BF4B45244BA4}.Debug|Any CPU.ActiveCfg = Debug|Any CPU
		{056EEE65-E775-43AD-A789-BF4B45244BA4}.Debug|Any CPU.Build.0 = Debug|Any CPU
		{056EEE65-E775-43AD-A789-BF4B45244BA4}.Release|Any CPU.ActiveCfg = Release|Any CPU
		{056EEE65-E775-43AD-A789-BF4B45244BA4}.Release|Any CPU.Build.0 = Release|Any CPU
	EndGlobalSection
	GlobalSection(SolutionProperties) = preSolution
		HideSolutionNode = FALSE
	EndGlobalSection
	GlobalSection(ExtensibilityGlobals) = postSolution
		SolutionGuid = {DD35299B-8D9E-46C9-B14C-1BB5A42192F9}
	EndGlobalSection
EndGlobal
